
Microsoft Visual Studio Solution File, Format Version 12.00
# Visual Studio Version 17
VisualStudioVersion = 17.13.35931.197 d17.13
MinimumVisualStudioVersion = 10.0.40219.1
Project("{FAE04EC0-301F-11D3-BF4B-00C04F79EFBC}") = "MVC.NET", "MVC.NET\MVC.NET.csproj", "{2031B353-A8AA-428B-B8BF-728E0D84E816}"
EndProject
Global
	GlobalSection(SolutionConfigurationPlatforms) = preSolution
		Debug|Any CPU = Debug|Any CPU
		Release|Any CPU = Release|Any CPU
	EndGlobalSection
	GlobalSection(ProjectConfigurationPlatforms) = postSolution
		{2031B353-A8AA-428B-B8BF-728E0D84E816}.Debug|Any CPU.ActiveCfg = Debug|Any CPU
		{2031B353-A8AA-428B-B8BF-728E0D84E816}.Debug|Any CPU.Build.0 = Debug|Any CPU
		{2031B353-A8AA-428B-B8BF-728E0D84E816}.Release|Any CPU.ActiveCfg = Release|Any CPU
		{2031B353-A8AA-428B-B8BF-728E0D84E816}.Release|Any CPU.Build.0 = Release|Any CPU
	EndGlobalSection
	GlobalSection(SolutionProperties) = preSolution
		HideSolutionNode = FALSE
	EndGlobalSection
	GlobalSection(ExtensibilityGlobals) = postSolution
		SolutionGuid = {2A7D9C0A-8F42-4F89-9BF9-557AC76A52AE}
	EndGlobalSection
EndGlobal
